
Microsoft Visual Studio Solution File, Format Version 12.00
# Visual Studio Version 16
VisualStudioVersion = 16.0.29215.179
MinimumVisualStudioVersion = 10.0.40219.1
Project("{9A19103F-16F7-4668-BE54-9A1E7A4F7556}") = "Fibrous", "Fibrous\Fibrous.csproj", "{BE1E0573-3FDA-4988-A952-3AB8A338E99E}"
EndProject
Project("{2150E333-8FDC-42A3-9474-1A3956D46DE8}") = "Solution Items", "Solution Items", "{9DB6ECC4-534F-4A4C-90AB-FEEFFD136678}"
	ProjectSection(SolutionItems) = preProject
		README.md = README.md
		Todo.txt = Todo.txt
	EndProjectSection
EndProject
Project("{2150E333-8FDC-42A3-9474-1A3956D46DE8}") = "Examples", "Examples", "{27D8396A-8BA7-4945-90AB-3E44BB675C27}"
EndProject
Project("{9A19103F-16F7-4668-BE54-9A1E7A4F7556}") = "Example1", "Examples\Example1\Example1.csproj", "{8DC1C5B5-440F-42CB-A5C9-B5E926006994}"
EndProject
Project("{9A19103F-16F7-4668-BE54-9A1E7A4F7556}") = "Fibrous.WPF", "Fibrous.WPF\Fibrous.WPF.csproj", "{4033938B-174F-4FD4-8F35-86C3012357E6}"
EndProject
Project("{2150E333-8FDC-42A3-9474-1A3956D46DE8}") = "TestsAndBenchmarks", "TestsAndBenchmarks", "{F9CA34DB-8E18-4BEC-9178-D2DDCA9E7341}"
EndProject
Project("{9A19103F-16F7-4668-BE54-9A1E7A4F7556}") = "Fibrous.Benchmark", "Tests\Fibrous.Benchmark\Fibrous.Benchmark.csproj", "{CBA2F56C-51F7-46E3-A81B-541BD8674B74}"
EndProject
Project("{9A19103F-16F7-4668-BE54-9A1E7A4F7556}") = "Fibrous.Tests", "Tests\Fibrous.Tests\Fibrous.Tests.csproj", "{10AF03B1-2702-40B0-B231-CE7292BD6FDB}"
EndProject
Global
	GlobalSection(SolutionConfigurationPlatforms) = preSolution
		Debug|Any CPU = Debug|Any CPU
		Debug|Mixed Platforms = Debug|Mixed Platforms
		Debug|x86 = Debug|x86
		Release|Any CPU = Release|Any CPU
		Release|Mixed Platforms = Release|Mixed Platforms
		Release|x86 = Release|x86
	EndGlobalSection
	GlobalSection(ProjectConfigurationPlatforms) = postSolution
		{BE1E0573-3FDA-4988-A952-3AB8A338E99E}.Debug|Any CPU.ActiveCfg = Debug|Any CPU
		{BE1E0573-3FDA-4988-A952-3AB8A338E99E}.Debug|Any CPU.Build.0 = Debug|Any CPU
		{BE1E0573-3FDA-4988-A952-3AB8A338E99E}.Debug|Mixed Platforms.ActiveCfg = Debug|Any CPU
		{BE1E0573-3FDA-4988-A952-3AB8A338E99E}.Debug|Mixed Platforms.Build.0 = Debug|Any CPU
		{BE1E0573-3FDA-4988-A952-3AB8A338E99E}.Debug|x86.ActiveCfg = Debug|Any CPU
		{BE1E0573-3FDA-4988-A952-3AB8A338E99E}.Release|Any CPU.ActiveCfg = Release|Any CPU
		{BE1E0573-3FDA-4988-A952-3AB8A338E99E}.Release|Any CPU.Build.0 = Release|Any CPU
		{BE1E0573-3FDA-4988-A952-3AB8A338E99E}.Release|Mixed Platforms.ActiveCfg = Release|Any CPU
		{BE1E0573-3FDA-4988-A952-3AB8A338E99E}.Release|Mixed Platforms.Build.0 = Release|Any CPU
		{BE1E0573-3FDA-4988-A952-3AB8A338E99E}.Release|x86.ActiveCfg = Release|Any CPU
		{8DC1C5B5-440F-42CB-A5C9-B5E926006994}.Debug|Any CPU.ActiveCfg = Debug|Any CPU
		{8DC1C5B5-440F-42CB-A5C9-B5E926006994}.Debug|Any CPU.Build.0 = Debug|Any CPU
		{8DC1C5B5-440F-42CB-A5C9-B5E926006994}.Debug|Mixed Platforms.ActiveCfg = Debug|Any CPU
		{8DC1C5B5-440F-42CB-A5C9-B5E926006994}.Debug|Mixed Platforms.Build.0 = Debug|Any CPU
		{8DC1C5B5-440F-42CB-A5C9-B5E926006994}.Debug|x86.ActiveCfg = Debug|Any CPU
		{8DC1C5B5-440F-42CB-A5C9-B5E926006994}.Release|Any CPU.ActiveCfg = Release|Any CPU
		{8DC1C5B5-440F-42CB-A5C9-B5E926006994}.Release|Any CPU.Build.0 = Release|Any CPU
		{8DC1C5B5-440F-42CB-A5C9-B5E926006994}.Release|Mixed Platforms.ActiveCfg = Release|Any CPU
		{8DC1C5B5-440F-42CB-A5C9-B5E926006994}.Release|Mixed Platforms.Build.0 = Release|Any CPU
		{8DC1C5B5-440F-42CB-A5C9-B5E926006994}.Release|x86.ActiveCfg = Release|Any CPU
		{4033938B-174F-4FD4-8F35-86C3012357E6}.Debug|Any CPU.ActiveCfg = Debug|Any CPU
		{4033938B-174F-4FD4-8F35-86C3012357E6}.Debug|Any CPU.Build.0 = Debug|Any CPU
		{4033938B-174F-4FD4-8F35-86C3012357E6}.Debug|Mixed Platforms.ActiveCfg = Debug|Any CPU
		{4033938B-174F-4FD4-8F35-86C3012357E6}.Debug|Mixed Platforms.Build.0 = Debug|Any CPU
		{4033938B-174F-4FD4-8F35-86C3012357E6}.Debug|x86.ActiveCfg = Debug|Any CPU
		{4033938B-174F-4FD4-8F35-86C3012357E6}.Debug|x86.Build.0 = Debug|Any CPU
		{4033938B-174F-4FD4-8F35-86C3012357E6}.Release|Any CPU.ActiveCfg = Release|Any CPU
		{4033938B-174F-4FD4-8F35-86C3012357E6}.Release|Any CPU.Build.0 = Release|Any CPU
		{4033938B-174F-4FD4-8F35-86C3012357E6}.Release|Mixed Platforms.ActiveCfg = Release|Any CPU
		{4033938B-174F-4FD4-8F35-86C3012357E6}.Release|Mixed Platforms.Build.0 = Release|Any CPU
		{4033938B-174F-4FD4-8F35-86C3012357E6}.Release|x86.ActiveCfg = Release|Any CPU
		{4033938B-174F-4FD4-8F35-86C3012357E6}.Release|x86.Build.0 = Release|Any CPU
		{CBA2F56C-51F7-46E3-A81B-541BD8674B74}.Debug|Any CPU.ActiveCfg = Debug|Any CPU
		{CBA2F56C-51F7-46E3-A81B-541BD8674B74}.Debug|Any CPU.Build.0 = Debug|Any CPU
		{CBA2F56C-51F7-46E3-A81B-541BD8674B74}.Debug|Mixed Platforms.ActiveCfg = Debug|Any CPU
		{CBA2F56C-51F7-46E3-A81B-541BD8674B74}.Debug|Mixed Platforms.Build.0 = Debug|Any CPU
		{CBA2F56C-51F7-46E3-A81B-541BD8674B74}.Debug|x86.ActiveCfg = Debug|Any CPU
		{CBA2F56C-51F7-46E3-A81B-541BD8674B74}.Debug|x86.Build.0 = Debug|Any CPU
		{CBA2F56C-51F7-46E3-A81B-541BD8674B74}.Release|Any CPU.ActiveCfg = Release|Any CPU
		{CBA2F56C-51F7-46E3-A81B-541BD8674B74}.Release|Any CPU.Build.0 = Release|Any CPU
		{CBA2F56C-51F7-46E3-A81B-541BD8674B74}.Release|Mixed Platforms.ActiveCfg = Release|Any CPU
		{CBA2F56C-51F7-46E3-A81B-541BD8674B74}.Release|Mixed Platforms.Build.0 = Release|Any CPU
		{CBA2F56C-51F7-46E3-A81B-541BD8674B74}.Release|x86.ActiveCfg = Release|Any CPU
		{CBA2F56C-51F7-46E3-A81B-541BD8674B74}.Release|x86.Build.0 = Release|Any CPU
		{10AF03B1-2702-40B0-B231-CE7292BD6FDB}.Debug|Any CPU.ActiveCfg = Debug|Any CPU
		{10AF03B1-2702-40B0-B231-CE7292BD6FDB}.Debug|Any CPU.Build.0 = Debug|Any CPU
		{10AF03B1-2702-40B0-B231-CE7292BD6FDB}.Debug|Mixed Platforms.ActiveCfg = Debug|Any CPU
		{10AF03B1-2702-40B0-B231-CE7292BD6FDB}.Debug|Mixed Platforms.Build.0 = Debug|Any CPU
		{10AF03B1-2702-40B0-B231-CE7292BD6FDB}.Debug|x86.ActiveCfg = Debug|Any CPU
		{10AF03B1-2702-40B0-B231-CE7292BD6FDB}.Debug|x86.Build.0 = Debug|Any CPU
		{10AF03B1-2702-40B0-B231-CE7292BD6FDB}.Release|Any CPU.ActiveCfg = Release|Any CPU
		{10AF03B1-2702-40B0-B231-CE7292BD6FDB}.Release|Any CPU.Build.0 = Release|Any CPU
		{10AF03B1-2702-40B0-B231-CE7292BD6FDB}.Release|Mixed Platforms.ActiveCfg = Release|Any CPU
		{10AF03B1-2702-40B0-B231-CE7292BD6FDB}.Release|Mixed Platforms.Build.0 = Release|Any CPU
		{10AF03B1-2702-40B0-B231-CE7292BD6FDB}.Release|x86.ActiveCfg = Release|Any CPU
		{10AF03B1-2702-40B0-B231-CE7292BD6FDB}.Release|x86.Build.0 = Release|Any CPU
	EndGlobalSection
	GlobalSection(SolutionProperties) = preSolution
		HideSolutionNode = FALSE
	EndGlobalSection
	GlobalSection(NestedProjects) = preSolution
		{8DC1C5B5-440F-42CB-A5C9-B5E926006994} = {27D8396A-8BA7-4945-90AB-3E44BB675C27}
		{CBA2F56C-51F7-46E3-A81B-541BD8674B74} = {F9CA34DB-8E18-4BEC-9178-D2DDCA9E7341}
		{10AF03B1-2702-40B0-B231-CE7292BD6FDB} = {F9CA34DB-8E18-4BEC-9178-D2DDCA9E7341}
	EndGlobalSection
	GlobalSection(ExtensibilityGlobals) = postSolution
		SolutionGuid = {EF667D96-761F-433A-A8F5-D0407F85FBD8}
	EndGlobalSection
EndGlobal
