
Microsoft Visual Studio Solution File, Format Version 12.00
# Visual Studio Version 16
VisualStudioVersion = 16.0.29215.179
MinimumVisualStudioVersion = 10.0.40219.1
Project("{9A19103F-16F7-4668-BE54-9A1E7A4F7556}") = "Fibrous", "Fibrous\Fibrous.csproj", "{BE1E0573-3FDA-4988-A952-3AB8A338E99E}"
EndProject
Project("{2150E333-8FDC-42A3-9474-1A3956D46DE8}") = "Solution Items", "Solution Items", "{9DB6ECC4-534F-4A4C-90AB-FEEFFD136678}"
	ProjectSection(SolutionItems) = preProject
		README.md = README.md
		Todo.txt = Todo.txt
	EndProjectSection
EndProject
Project("{2150E333-8FDC-42A3-9474-1A3956D46DE8}") = "Examples", "Examples", "{27D8396A-8BA7-4945-90AB-3E44BB675C27}"
EndProject
Project("{FAE04EC0-301F-11D3-BF4B-00C04F79EFBC}") = "Example1", "Examples\Example1\Example1.csproj", "{8DC1C5B5-440F-42CB-A5C9-B5E926006994}"
EndProject
Project("{FAE04EC0-301F-11D3-BF4B-00C04F79EFBC}") = "Fibrous.WPF", "Fibrous.WPF\Fibrous.WPF.csproj", "{4033938B-174F-4FD4-8F35-86C3012357E6}"
EndProject
Project("{9A19103F-16F7-4668-BE54-9A1E7A4F7556}") = "Fibrous.Benchmark", "Fibrous.Benchmark\Fibrous.Benchmark.csproj", "{541ED6F7-D38C-4F8A-98D8-1A54AC68F32F}"
EndProject
Project("{FAE04EC0-301F-11D3-BF4B-00C04F79EFBC}") = "WpfExample", "Examples\WpfExample\WpfExample.csproj", "{235B3589-51CC-410C-8579-C856D459FEBF}"
EndProject
Project("{FAE04EC0-301F-11D3-BF4B-00C04F79EFBC}") = "PipelineExample", "Examples\PipelineExample\PipelineExample.csproj", "{5094CC20-C432-4DEC-8249-5624E3960EA5}"
EndProject
Project("{9A19103F-16F7-4668-BE54-9A1E7A4F7556}") = "Fibrous.Tests", "Fibrous.Tests\Fibrous.Tests.csproj", "{292F826B-CB33-4A65-90C1-FD865361A0FD}"
EndProject
Project("{9A19103F-16F7-4668-BE54-9A1E7A4F7556}") = "Fibrous.Proxy", "Fibrous.Proxy\Fibrous.Proxy.csproj", "{D4A21B90-16CB-46A9-B96A-0AD198EA4715}"
EndProject
Project("{2150E333-8FDC-42A3-9474-1A3956D46DE8}") = "Docs", "Docs", "{3A0C1AA9-A416-4C28-BAF7-83DE18B3BC0A}"
	ProjectSection(SolutionItems) = preProject
		Docs\Agents.md = Docs\Agents.md
		Docs\AkkaThoughts.md = Docs\AkkaThoughts.md
		Docs\Channels.md = Docs\Channels.md
		Docs\Collections.md = Docs\Collections.md
		Docs\EventBusHub.md = Docs\EventBusHub.md
		Docs\Fibers.md = Docs\Fibers.md
		Docs\Pipelines.md = Docs\Pipelines.md
	EndProjectSection
EndProject
Global
	GlobalSection(SolutionConfigurationPlatforms) = preSolution
		Debug|Any CPU = Debug|Any CPU
		Debug|Mixed Platforms = Debug|Mixed Platforms
		Debug|x86 = Debug|x86
		Release|Any CPU = Release|Any CPU
		Release|Mixed Platforms = Release|Mixed Platforms
		Release|x86 = Release|x86
	EndGlobalSection
	GlobalSection(ProjectConfigurationPlatforms) = postSolution
		{BE1E0573-3FDA-4988-A952-3AB8A338E99E}.Debug|Any CPU.ActiveCfg = Debug|Any CPU
		{BE1E0573-3FDA-4988-A952-3AB8A338E99E}.Debug|Any CPU.Build.0 = Debug|Any CPU
		{BE1E0573-3FDA-4988-A952-3AB8A338E99E}.Debug|Mixed Platforms.ActiveCfg = Debug|Any CPU
		{BE1E0573-3FDA-4988-A952-3AB8A338E99E}.Debug|Mixed Platforms.Build.0 = Debug|Any CPU
		{BE1E0573-3FDA-4988-A952-3AB8A338E99E}.Debug|x86.ActiveCfg = Debug|Any CPU
		{BE1E0573-3FDA-4988-A952-3AB8A338E99E}.Release|Any CPU.ActiveCfg = Release|Any CPU
		{BE1E0573-3FDA-4988-A952-3AB8A338E99E}.Release|Any CPU.Build.0 = Release|Any CPU
		{BE1E0573-3FDA-4988-A952-3AB8A338E99E}.Release|Mixed Platforms.ActiveCfg = Release|Any CPU
		{BE1E0573-3FDA-4988-A952-3AB8A338E99E}.Release|Mixed Platforms.Build.0 = Release|Any CPU
		{BE1E0573-3FDA-4988-A952-3AB8A338E99E}.Release|x86.ActiveCfg = Release|Any CPU
		{8DC1C5B5-440F-42CB-A5C9-B5E926006994}.Debug|Any CPU.ActiveCfg = Debug|Any CPU
		{8DC1C5B5-440F-42CB-A5C9-B5E926006994}.Debug|Any CPU.Build.0 = Debug|Any CPU
		{8DC1C5B5-440F-42CB-A5C9-B5E926006994}.Debug|Mixed Platforms.ActiveCfg = Debug|Any CPU
		{8DC1C5B5-440F-42CB-A5C9-B5E926006994}.Debug|Mixed Platforms.Build.0 = Debug|Any CPU
		{8DC1C5B5-440F-42CB-A5C9-B5E926006994}.Debug|x86.ActiveCfg = Debug|Any CPU
		{8DC1C5B5-440F-42CB-A5C9-B5E926006994}.Release|Any CPU.ActiveCfg = Release|Any CPU
		{8DC1C5B5-440F-42CB-A5C9-B5E926006994}.Release|Any CPU.Build.0 = Release|Any CPU
		{8DC1C5B5-440F-42CB-A5C9-B5E926006994}.Release|Mixed Platforms.ActiveCfg = Release|Any CPU
		{8DC1C5B5-440F-42CB-A5C9-B5E926006994}.Release|Mixed Platforms.Build.0 = Release|Any CPU
		{8DC1C5B5-440F-42CB-A5C9-B5E926006994}.Release|x86.ActiveCfg = Release|Any CPU
		{4033938B-174F-4FD4-8F35-86C3012357E6}.Debug|Any CPU.ActiveCfg = Debug|Any CPU
		{4033938B-174F-4FD4-8F35-86C3012357E6}.Debug|Any CPU.Build.0 = Debug|Any CPU
		{4033938B-174F-4FD4-8F35-86C3012357E6}.Debug|Mixed Platforms.ActiveCfg = Debug|Any CPU
		{4033938B-174F-4FD4-8F35-86C3012357E6}.Debug|Mixed Platforms.Build.0 = Debug|Any CPU
		{4033938B-174F-4FD4-8F35-86C3012357E6}.Debug|x86.ActiveCfg = Debug|Any CPU
		{4033938B-174F-4FD4-8F35-86C3012357E6}.Debug|x86.Build.0 = Debug|Any CPU
		{4033938B-174F-4FD4-8F35-86C3012357E6}.Release|Any CPU.ActiveCfg = Release|Any CPU
		{4033938B-174F-4FD4-8F35-86C3012357E6}.Release|Any CPU.Build.0 = Release|Any CPU
		{4033938B-174F-4FD4-8F35-86C3012357E6}.Release|Mixed Platforms.ActiveCfg = Release|Any CPU
		{4033938B-174F-4FD4-8F35-86C3012357E6}.Release|Mixed Platforms.Build.0 = Release|Any CPU
		{4033938B-174F-4FD4-8F35-86C3012357E6}.Release|x86.ActiveCfg = Release|Any CPU
		{4033938B-174F-4FD4-8F35-86C3012357E6}.Release|x86.Build.0 = Release|Any CPU
		{541ED6F7-D38C-4F8A-98D8-1A54AC68F32F}.Debug|Any CPU.ActiveCfg = Debug|Any CPU
		{541ED6F7-D38C-4F8A-98D8-1A54AC68F32F}.Debug|Any CPU.Build.0 = Debug|Any CPU
		{541ED6F7-D38C-4F8A-98D8-1A54AC68F32F}.Debug|Mixed Platforms.ActiveCfg = Debug|Any CPU
		{541ED6F7-D38C-4F8A-98D8-1A54AC68F32F}.Debug|Mixed Platforms.Build.0 = Debug|Any CPU
		{541ED6F7-D38C-4F8A-98D8-1A54AC68F32F}.Debug|x86.ActiveCfg = Debug|Any CPU
		{541ED6F7-D38C-4F8A-98D8-1A54AC68F32F}.Debug|x86.Build.0 = Debug|Any CPU
		{541ED6F7-D38C-4F8A-98D8-1A54AC68F32F}.Release|Any CPU.ActiveCfg = Release|Any CPU
		{541ED6F7-D38C-4F8A-98D8-1A54AC68F32F}.Release|Any CPU.Build.0 = Release|Any CPU
		{541ED6F7-D38C-4F8A-98D8-1A54AC68F32F}.Release|Mixed Platforms.ActiveCfg = Release|Any CPU
		{541ED6F7-D38C-4F8A-98D8-1A54AC68F32F}.Release|Mixed Platforms.Build.0 = Release|Any CPU
		{541ED6F7-D38C-4F8A-98D8-1A54AC68F32F}.Release|x86.ActiveCfg = Release|Any CPU
		{541ED6F7-D38C-4F8A-98D8-1A54AC68F32F}.Release|x86.Build.0 = Release|Any CPU
		{235B3589-51CC-410C-8579-C856D459FEBF}.Debug|Any CPU.ActiveCfg = Debug|Any CPU
		{235B3589-51CC-410C-8579-C856D459FEBF}.Debug|Any CPU.Build.0 = Debug|Any CPU
		{235B3589-51CC-410C-8579-C856D459FEBF}.Debug|Mixed Platforms.ActiveCfg = Debug|Any CPU
		{235B3589-51CC-410C-8579-C856D459FEBF}.Debug|Mixed Platforms.Build.0 = Debug|Any CPU
		{235B3589-51CC-410C-8579-C856D459FEBF}.Debug|x86.ActiveCfg = Debug|Any CPU
		{235B3589-51CC-410C-8579-C856D459FEBF}.Debug|x86.Build.0 = Debug|Any CPU
		{235B3589-51CC-410C-8579-C856D459FEBF}.Release|Any CPU.ActiveCfg = Release|Any CPU
		{235B3589-51CC-410C-8579-C856D459FEBF}.Release|Any CPU.Build.0 = Release|Any CPU
		{235B3589-51CC-410C-8579-C856D459FEBF}.Release|Mixed Platforms.ActiveCfg = Release|Any CPU
		{235B3589-51CC-410C-8579-C856D459FEBF}.Release|Mixed Platforms.Build.0 = Release|Any CPU
		{235B3589-51CC-410C-8579-C856D459FEBF}.Release|x86.ActiveCfg = Release|Any CPU
		{235B3589-51CC-410C-8579-C856D459FEBF}.Release|x86.Build.0 = Release|Any CPU
		{5094CC20-C432-4DEC-8249-5624E3960EA5}.Debug|Any CPU.ActiveCfg = Debug|Any CPU
		{5094CC20-C432-4DEC-8249-5624E3960EA5}.Debug|Any CPU.Build.0 = Debug|Any CPU
		{5094CC20-C432-4DEC-8249-5624E3960EA5}.Debug|Mixed Platforms.ActiveCfg = Debug|Any CPU
		{5094CC20-C432-4DEC-8249-5624E3960EA5}.Debug|Mixed Platforms.Build.0 = Debug|Any CPU
		{5094CC20-C432-4DEC-8249-5624E3960EA5}.Debug|x86.ActiveCfg = Debug|Any CPU
		{5094CC20-C432-4DEC-8249-5624E3960EA5}.Debug|x86.Build.0 = Debug|Any CPU
		{5094CC20-C432-4DEC-8249-5624E3960EA5}.Release|Any CPU.ActiveCfg = Release|Any CPU
		{5094CC20-C432-4DEC-8249-5624E3960EA5}.Release|Any CPU.Build.0 = Release|Any CPU
		{5094CC20-C432-4DEC-8249-5624E3960EA5}.Release|Mixed Platforms.ActiveCfg = Release|Any CPU
		{5094CC20-C432-4DEC-8249-5624E3960EA5}.Release|Mixed Platforms.Build.0 = Release|Any CPU
		{5094CC20-C432-4DEC-8249-5624E3960EA5}.Release|x86.ActiveCfg = Release|Any CPU
		{5094CC20-C432-4DEC-8249-5624E3960EA5}.Release|x86.Build.0 = Release|Any CPU
		{292F826B-CB33-4A65-90C1-FD865361A0FD}.Debug|Any CPU.ActiveCfg = Debug|Any CPU
		{292F826B-CB33-4A65-90C1-FD865361A0FD}.Debug|Any CPU.Build.0 = Debug|Any CPU
		{292F826B-CB33-4A65-90C1-FD865361A0FD}.Debug|Mixed Platforms.ActiveCfg = Debug|Any CPU
		{292F826B-CB33-4A65-90C1-FD865361A0FD}.Debug|Mixed Platforms.Build.0 = Debug|Any CPU
		{292F826B-CB33-4A65-90C1-FD865361A0FD}.Debug|x86.ActiveCfg = Debug|Any CPU
		{292F826B-CB33-4A65-90C1-FD865361A0FD}.Debug|x86.Build.0 = Debug|Any CPU
		{292F826B-CB33-4A65-90C1-FD865361A0FD}.Release|Any CPU.ActiveCfg = Release|Any CPU
		{292F826B-CB33-4A65-90C1-FD865361A0FD}.Release|Any CPU.Build.0 = Release|Any CPU
		{292F826B-CB33-4A65-90C1-FD865361A0FD}.Release|Mixed Platforms.ActiveCfg = Release|Any CPU
		{292F826B-CB33-4A65-90C1-FD865361A0FD}.Release|Mixed Platforms.Build.0 = Release|Any CPU
		{292F826B-CB33-4A65-90C1-FD865361A0FD}.Release|x86.ActiveCfg = Release|Any CPU
		{292F826B-CB33-4A65-90C1-FD865361A0FD}.Release|x86.Build.0 = Release|Any CPU
		{D4A21B90-16CB-46A9-B96A-0AD198EA4715}.Debug|Any CPU.ActiveCfg = Debug|Any CPU
		{D4A21B90-16CB-46A9-B96A-0AD198EA4715}.Debug|Any CPU.Build.0 = Debug|Any CPU
		{D4A21B90-16CB-46A9-B96A-0AD198EA4715}.Debug|Mixed Platforms.ActiveCfg = Debug|Any CPU
		{D4A21B90-16CB-46A9-B96A-0AD198EA4715}.Debug|Mixed Platforms.Build.0 = Debug|Any CPU
		{D4A21B90-16CB-46A9-B96A-0AD198EA4715}.Debug|x86.ActiveCfg = Debug|Any CPU
		{D4A21B90-16CB-46A9-B96A-0AD198EA4715}.Debug|x86.Build.0 = Debug|Any CPU
		{D4A21B90-16CB-46A9-B96A-0AD198EA4715}.Release|Any CPU.ActiveCfg = Release|Any CPU
		{D4A21B90-16CB-46A9-B96A-0AD198EA4715}.Release|Any CPU.Build.0 = Release|Any CPU
		{D4A21B90-16CB-46A9-B96A-0AD198EA4715}.Release|Mixed Platforms.ActiveCfg = Release|Any CPU
		{D4A21B90-16CB-46A9-B96A-0AD198EA4715}.Release|Mixed Platforms.Build.0 = Release|Any CPU
		{D4A21B90-16CB-46A9-B96A-0AD198EA4715}.Release|x86.ActiveCfg = Release|Any CPU
		{D4A21B90-16CB-46A9-B96A-0AD198EA4715}.Release|x86.Build.0 = Release|Any CPU
	EndGlobalSection
	GlobalSection(SolutionProperties) = preSolution
		HideSolutionNode = FALSE
	EndGlobalSection
	GlobalSection(NestedProjects) = preSolution
		{8DC1C5B5-440F-42CB-A5C9-B5E926006994} = {27D8396A-8BA7-4945-90AB-3E44BB675C27}
		{235B3589-51CC-410C-8579-C856D459FEBF} = {27D8396A-8BA7-4945-90AB-3E44BB675C27}
		{5094CC20-C432-4DEC-8249-5624E3960EA5} = {27D8396A-8BA7-4945-90AB-3E44BB675C27}
	EndGlobalSection
	GlobalSection(ExtensibilityGlobals) = postSolution
		SolutionGuid = {EF667D96-761F-433A-A8F5-D0407F85FBD8}
	EndGlobalSection
EndGlobal
